
Microsoft Visual Studio Solution File, Format Version 12.00
# Visual Studio Version 17
VisualStudioVersion = 17.8.34408.163
MinimumVisualStudioVersion = 10.0.40219.1
Project("{FAE04EC0-301F-11D3-BF4B-00C04F79EFBC}") = "SignalRDemoApplication", "SignalRDemoApplication\SignalRDemoApplication.csproj", "{48314D58-E15F-4C0F-BAB6-2ED51366D058}"
EndProject
Global
	GlobalSection(SolutionConfigurationPlatforms) = preSolution
		Debug|Any CPU = Debug|Any CPU
		Release|Any CPU = Release|Any CPU
	EndGlobalSection
	GlobalSection(ProjectConfigurationPlatforms) = postSolution
		{48314D58-E15F-4C0F-BAB6-2ED51366D058}.Debug|Any CPU.ActiveCfg = Debug|Any CPU
		{48314D58-E15F-4C0F-BAB6-2ED51366D058}.Debug|Any CPU.Build.0 = Debug|Any CPU
		{48314D58-E15F-4C0F-BAB6-2ED51366D058}.Release|Any CPU.ActiveCfg = Release|Any CPU
		{48314D58-E15F-4C0F-BAB6-2ED51366D058}.Release|Any CPU.Build.0 = Release|Any CPU
	EndGlobalSection
	GlobalSection(SolutionProperties) = preSolution
		HideSolutionNode = FALSE
	EndGlobalSection
	GlobalSection(ExtensibilityGlobals) = postSolution
		SolutionGuid = {21A14EE1-EB64-4C71-A499-0565364F2004}
	EndGlobalSection
EndGlobal
